
Microsoft Visual Studio Solution File, Format Version 12.00
# Visual Studio 2013
VisualStudioVersion = 12.0.30110.0
MinimumVisualStudioVersion = 10.0.40219.1
Project("{F184B08F-C81C-45F6-A57F-5ABD9991F28F}") = "Save - Load files test", "Save - Load files test\Save - Load files test.vbproj", "{3C66F03C-C99A-4CA7-945D-A263C8A96723}"
EndProject
Global
	GlobalSection(SolutionConfigurationPlatforms) = preSolution
		Debug|Any CPU = Debug|Any CPU
		Release|Any CPU = Release|Any CPU
	EndGlobalSection
	GlobalSection(ProjectConfigurationPlatforms) = postSolution
		{3C66F03C-C99A-4CA7-945D-A263C8A96723}.Debug|Any CPU.ActiveCfg = Debug|Any CPU
		{3C66F03C-C99A-4CA7-945D-A263C8A96723}.Debug|Any CPU.Build.0 = Debug|Any CPU
		{3C66F03C-C99A-4CA7-945D-A263C8A96723}.Release|Any CPU.ActiveCfg = Release|Any CPU
		{3C66F03C-C99A-4CA7-945D-A263C8A96723}.Release|Any CPU.Build.0 = Release|Any CPU
	EndGlobalSection
	GlobalSection(SolutionProperties) = preSolution
		HideSolutionNode = FALSE
	EndGlobalSection
EndGlobal
